// !$*UTF8*$!
{
	archiveVersion = 1;
	classes = {
	};
	objectVersion = 46;
	objects = {

/* Begin PBXBuildFile section */
		5732D74B91F45FE20AF06EC0 /* Pods_WearableHub.framework in Frameworks */ = {isa = PBXBuildFile; fileRef = 4B151300840809669AC61BC2 /* Pods_WearableHub.framework */; };
		7D1A16DA1C92460900430E9B /* MapKit.framework in Frameworks */ = {isa = PBXBuildFile; fileRef = 7D1A16D91C92460900430E9B /* MapKit.framework */; };
		7D2743A31C8D052B00B53C85 /* HealthKit.framework in Frameworks */ = {isa = PBXBuildFile; fileRef = 7D2743A21C8D052B00B53C85 /* HealthKit.framework */; };
		7D2743A91C8D1E8500B53C85 /* MapViewController.swift in Sources */ = {isa = PBXBuildFile; fileRef = 7D2743A71C8D1E8500B53C85 /* MapViewController.swift */; };
		7D2743AA1C8D1E8500B53C85 /* PhotoViewController.swift in Sources */ = {isa = PBXBuildFile; fileRef = 7D2743A81C8D1E8500B53C85 /* PhotoViewController.swift */; };
		7D2743AC1C8D1FEC00B53C85 /* MenuController.swift in Sources */ = {isa = PBXBuildFile; fileRef = 7D2743AB1C8D1FEC00B53C85 /* MenuController.swift */; };
		7D82BA5D1CA655E300720988 /* MicrosoftBandKit_iOS.framework in Frameworks */ = {isa = PBXBuildFile; fileRef = 7D82BA5C1CA655E300720988 /* MicrosoftBandKit_iOS.framework */; };
		7D88E5EC1CA65A6E00BA3CD4 /* WearableViewController.swift in Sources */ = {isa = PBXBuildFile; fileRef = 7DB9C9961C8D007000D0D1B0 /* WearableViewController.swift */; };
		7D88E5F31CA6630300BA3CD4 /* CoreBluetooth.framework in Frameworks */ = {isa = PBXBuildFile; fileRef = 7D88E5F21CA6630300BA3CD4 /* CoreBluetooth.framework */; };
		7D9846B11CCD6F1000B17FD7 /* SumoCloud.swift in Sources */ = {isa = PBXBuildFile; fileRef = 7D9846B01CCD6F1000B17FD7 /* SumoCloud.swift */; };
		7DA5359B1CA7B2CE000628F9 /* Peripherals in Resources */ = {isa = PBXBuildFile; fileRef = 7DA5359A1CA7B2CE000628F9 /* Peripherals */; };
		7DA535A41CA7B6C2000628F9 /* RxMicrosoftBand.swift in Sources */ = {isa = PBXBuildFile; fileRef = 7DA535A31CA7B6C2000628F9 /* RxMicrosoftBand.swift */; };
		7DA535A71CA7B6E8000628F9 /* CloudConnection.swift in Sources */ = {isa = PBXBuildFile; fileRef = 7DA535A61CA7B6E8000628F9 /* CloudConnection.swift */; };
		7DA535AF1CA7BA05000628F9 /* Settings.bundle in Resources */ = {isa = PBXBuildFile; fileRef = 7DA535AE1CA7BA05000628F9 /* Settings.bundle */; };
		7DB9C9951C8D007000D0D1B0 /* AppDelegate.swift in Sources */ = {isa = PBXBuildFile; fileRef = 7DB9C9941C8D007000D0D1B0 /* AppDelegate.swift */; };
		7DB9C99A1C8D007000D0D1B0 /* Main.storyboard in Resources */ = {isa = PBXBuildFile; fileRef = 7DB9C9981C8D007000D0D1B0 /* Main.storyboard */; };
		7DB9C99C1C8D007000D0D1B0 /* Assets.xcassets in Resources */ = {isa = PBXBuildFile; fileRef = 7DB9C99B1C8D007000D0D1B0 /* Assets.xcassets */; };
		7DB9C99F1C8D007000D0D1B0 /* LaunchScreen.storyboard in Resources */ = {isa = PBXBuildFile; fileRef = 7DB9C99D1C8D007000D0D1B0 /* LaunchScreen.storyboard */; };
		7DB9C9AA1C8D007000D0D1B0 /* WearableHubTests.swift in Sources */ = {isa = PBXBuildFile; fileRef = 7DB9C9A91C8D007000D0D1B0 /* WearableHubTests.swift */; };
		7DB9C9B51C8D007000D0D1B0 /* WearableHubUITests.swift in Sources */ = {isa = PBXBuildFile; fileRef = 7DB9C9B41C8D007000D0D1B0 /* WearableHubUITests.swift */; };
		7DBA1EF51CA83990006A6606 /* Peripheral.swift in Sources */ = {isa = PBXBuildFile; fileRef = 7DBA1EF41CA83990006A6606 /* Peripheral.swift */; };
		7DBA1EF71CA8484C006A6606 /* AbstractModel.swift in Sources */ = {isa = PBXBuildFile; fileRef = 7DBA1EF61CA8484C006A6606 /* AbstractModel.swift */; };
		7DBA1EF91CA86DFA006A6606 /* WearableOriViewController.swift in Sources */ = {isa = PBXBuildFile; fileRef = 7DBA1EF81CA86DFA006A6606 /* WearableOriViewController.swift */; };
		7DC498C21CA7A40D00AE73DC /* Connections in Resources */ = {isa = PBXBuildFile; fileRef = 7DC498C11CA7A40D00AE73DC /* Connections */; };
		A263DFC385C0E3A287124B99 /* Pods_WearableHubTests.framework in Frameworks */ = {isa = PBXBuildFile; fileRef = 9923902941E710A057D829BA /* Pods_WearableHubTests.framework */; };
		DF900B377D31A7F8A7D06AA7 /* Pods_WearableHubUITests.framework in Frameworks */ = {isa = PBXBuildFile; fileRef = B357CB513CFBCE5C94980B3F /* Pods_WearableHubUITests.framework */; };
/* End PBXBuildFile section */

/* Begin PBXContainerItemProxy section */
		7DB9C9A61C8D007000D0D1B0 /* PBXContainerItemProxy */ = {
			isa = PBXContainerItemProxy;
			containerPortal = 7DB9C9891C8D007000D0D1B0 /* Project object */;
			proxyType = 1;
			remoteGlobalIDString = 7DB9C9901C8D007000D0D1B0;
			remoteInfo = WearableHub;
		};
		7DB9C9B11C8D007000D0D1B0 /* PBXContainerItemProxy */ = {
			isa = PBXContainerItemProxy;
			containerPortal = 7DB9C9891C8D007000D0D1B0 /* Project object */;
			proxyType = 1;
			remoteGlobalIDString = 7DB9C9901C8D007000D0D1B0;
			remoteInfo = WearableHub;
		};
/* End PBXContainerItemProxy section */

/* Begin PBXFileReference section */
		234E870B4C6E3650A525D473 /* Pods-WearableHubUITests.release.xcconfig */ = {isa = PBXFileReference; includeInIndex = 1; lastKnownFileType = text.xcconfig; name = "Pods-WearableHubUITests.release.xcconfig"; path = "Pods/Target Support Files/Pods-WearableHubUITests/Pods-WearableHubUITests.release.xcconfig"; sourceTree = "<group>"; };
		4B151300840809669AC61BC2 /* Pods_WearableHub.framework */ = {isa = PBXFileReference; explicitFileType = wrapper.framework; includeInIndex = 0; path = Pods_WearableHub.framework; sourceTree = BUILT_PRODUCTS_DIR; };
		7D1A16D91C92460900430E9B /* MapKit.framework */ = {isa = PBXFileReference; lastKnownFileType = wrapper.framework; name = MapKit.framework; path = System/Library/Frameworks/MapKit.framework; sourceTree = SDKROOT; };
		7D2743A21C8D052B00B53C85 /* HealthKit.framework */ = {isa = PBXFileReference; lastKnownFileType = wrapper.framework; name = HealthKit.framework; path = System/Library/Frameworks/HealthKit.framework; sourceTree = SDKROOT; };
		7D2743A41C8D052B00B53C85 /* WearableHub.entitlements */ = {isa = PBXFileReference; lastKnownFileType = text.xml; path = WearableHub.entitlements; sourceTree = "<group>"; };
		7D2743A71C8D1E8500B53C85 /* MapViewController.swift */ = {isa = PBXFileReference; fileEncoding = 4; lastKnownFileType = sourcecode.swift; path = MapViewController.swift; sourceTree = "<group>"; };
		7D2743A81C8D1E8500B53C85 /* PhotoViewController.swift */ = {isa = PBXFileReference; fileEncoding = 4; lastKnownFileType = sourcecode.swift; path = PhotoViewController.swift; sourceTree = "<group>"; };
		7D2743AB1C8D1FEC00B53C85 /* MenuController.swift */ = {isa = PBXFileReference; fileEncoding = 4; lastKnownFileType = sourcecode.swift; path = MenuController.swift; sourceTree = "<group>"; };
		7D82BA5C1CA655E300720988 /* MicrosoftBandKit_iOS.framework */ = {isa = PBXFileReference; lastKnownFileType = wrapper.framework; path = MicrosoftBandKit_iOS.framework; sourceTree = "<group>"; };
		7D88E5EF1CA6610100BA3CD4 /* WearableHub-Bridging-Header.h */ = {isa = PBXFileReference; lastKnownFileType = sourcecode.c.h; path = "WearableHub-Bridging-Header.h"; sourceTree = "<group>"; };
		7D88E5F21CA6630300BA3CD4 /* CoreBluetooth.framework */ = {isa = PBXFileReference; lastKnownFileType = wrapper.framework; name = CoreBluetooth.framework; path = System/Library/Frameworks/CoreBluetooth.framework; sourceTree = SDKROOT; };
		7D9846B01CCD6F1000B17FD7 /* SumoCloud.swift */ = {isa = PBXFileReference; fileEncoding = 4; lastKnownFileType = sourcecode.swift; path = SumoCloud.swift; sourceTree = "<group>"; };
		7DA5359A1CA7B2CE000628F9 /* Peripherals */ = {isa = PBXFileReference; lastKnownFileType = folder; name = Peripherals; path = /Developer/Work/apple/WearableHub/WearableHub/Peripherals; sourceTree = "<absolute>"; };
		7DA535A31CA7B6C2000628F9 /* RxMicrosoftBand.swift */ = {isa = PBXFileReference; fileEncoding = 4; lastKnownFileType = sourcecode.swift; path = RxMicrosoftBand.swift; sourceTree = "<group>"; };
		7DA535A61CA7B6E8000628F9 /* CloudConnection.swift */ = {isa = PBXFileReference; fileEncoding = 4; lastKnownFileType = sourcecode.swift; path = CloudConnection.swift; sourceTree = "<group>"; };
		7DA535AE1CA7BA05000628F9 /* Settings.bundle */ = {isa = PBXFileReference; lastKnownFileType = "wrapper.plug-in"; path = Settings.bundle; sourceTree = "<group>"; };
		7DB9C9911C8D007000D0D1B0 /* WearableHub.app */ = {isa = PBXFileReference; explicitFileType = wrapper.application; includeInIndex = 0; path = WearableHub.app; sourceTree = BUILT_PRODUCTS_DIR; };
		7DB9C9941C8D007000D0D1B0 /* AppDelegate.swift */ = {isa = PBXFileReference; lastKnownFileType = sourcecode.swift; path = AppDelegate.swift; sourceTree = "<group>"; };
		7DB9C9961C8D007000D0D1B0 /* WearableViewController.swift */ = {isa = PBXFileReference; lastKnownFileType = sourcecode.swift; path = WearableViewController.swift; sourceTree = "<group>"; };
		7DB9C9991C8D007000D0D1B0 /* Base */ = {isa = PBXFileReference; lastKnownFileType = file.storyboard; name = Base; path = Base.lproj/Main.storyboard; sourceTree = "<group>"; };
		7DB9C99B1C8D007000D0D1B0 /* Assets.xcassets */ = {isa = PBXFileReference; lastKnownFileType = folder.assetcatalog; path = Assets.xcassets; sourceTree = "<group>"; };
		7DB9C99E1C8D007000D0D1B0 /* Base */ = {isa = PBXFileReference; lastKnownFileType = file.storyboard; name = Base; path = Base.lproj/LaunchScreen.storyboard; sourceTree = "<group>"; };
		7DB9C9A01C8D007000D0D1B0 /* Info.plist */ = {isa = PBXFileReference; lastKnownFileType = text.plist.xml; path = Info.plist; sourceTree = "<group>"; };
		7DB9C9A51C8D007000D0D1B0 /* WearableHubTests.xctest */ = {isa = PBXFileReference; explicitFileType = wrapper.cfbundle; includeInIndex = 0; path = WearableHubTests.xctest; sourceTree = BUILT_PRODUCTS_DIR; };
		7DB9C9A91C8D007000D0D1B0 /* WearableHubTests.swift */ = {isa = PBXFileReference; lastKnownFileType = sourcecode.swift; path = WearableHubTests.swift; sourceTree = "<group>"; };
		7DB9C9AB1C8D007000D0D1B0 /* Info.plist */ = {isa = PBXFileReference; lastKnownFileType = text.plist.xml; path = Info.plist; sourceTree = "<group>"; };
		7DB9C9B01C8D007000D0D1B0 /* WearableHubUITests.xctest */ = {isa = PBXFileReference; explicitFileType = wrapper.cfbundle; includeInIndex = 0; path = WearableHubUITests.xctest; sourceTree = BUILT_PRODUCTS_DIR; };
		7DB9C9B41C8D007000D0D1B0 /* WearableHubUITests.swift */ = {isa = PBXFileReference; lastKnownFileType = sourcecode.swift; path = WearableHubUITests.swift; sourceTree = "<group>"; };
		7DB9C9B61C8D007000D0D1B0 /* Info.plist */ = {isa = PBXFileReference; lastKnownFileType = text.plist.xml; path = Info.plist; sourceTree = "<group>"; };
		7DBA1EF41CA83990006A6606 /* Peripheral.swift */ = {isa = PBXFileReference; fileEncoding = 4; lastKnownFileType = sourcecode.swift; path = Peripheral.swift; sourceTree = "<group>"; };
		7DBA1EF61CA8484C006A6606 /* AbstractModel.swift */ = {isa = PBXFileReference; fileEncoding = 4; lastKnownFileType = sourcecode.swift; path = AbstractModel.swift; sourceTree = "<group>"; };
		7DBA1EF81CA86DFA006A6606 /* WearableOriViewController.swift */ = {isa = PBXFileReference; fileEncoding = 4; lastKnownFileType = sourcecode.swift; path = WearableOriViewController.swift; sourceTree = "<group>"; };
		7DC498C11CA7A40D00AE73DC /* Connections */ = {isa = PBXFileReference; lastKnownFileType = folder; name = Connections; path = /Developer/Work/apple/WearableHub/WearableHub/Connections; sourceTree = "<absolute>"; };
		8CDCEFF7ADC1EA33D90890E5 /* Pods-WearableHub.debug.xcconfig */ = {isa = PBXFileReference; includeInIndex = 1; lastKnownFileType = text.xcconfig; name = "Pods-WearableHub.debug.xcconfig"; path = "Pods/Target Support Files/Pods-WearableHub/Pods-WearableHub.debug.xcconfig"; sourceTree = "<group>"; };
		9923902941E710A057D829BA /* Pods_WearableHubTests.framework */ = {isa = PBXFileReference; explicitFileType = wrapper.framework; includeInIndex = 0; path = Pods_WearableHubTests.framework; sourceTree = BUILT_PRODUCTS_DIR; };
		9E001FF88B75A80DB0F9C16F /* Pods-WearableHubUITests.debug.xcconfig */ = {isa = PBXFileReference; includeInIndex = 1; lastKnownFileType = text.xcconfig; name = "Pods-WearableHubUITests.debug.xcconfig"; path = "Pods/Target Support Files/Pods-WearableHubUITests/Pods-WearableHubUITests.debug.xcconfig"; sourceTree = "<group>"; };
		AACE60D0CDB68B26DF69CB07 /* Pods-WearableHubTests.release.xcconfig */ = {isa = PBXFileReference; includeInIndex = 1; lastKnownFileType = text.xcconfig; name = "Pods-WearableHubTests.release.xcconfig"; path = "Pods/Target Support Files/Pods-WearableHubTests/Pods-WearableHubTests.release.xcconfig"; sourceTree = "<group>"; };
		AE962902783A721AF5BB927C /* Pods-WearableHub.release.xcconfig */ = {isa = PBXFileReference; includeInIndex = 1; lastKnownFileType = text.xcconfig; name = "Pods-WearableHub.release.xcconfig"; path = "Pods/Target Support Files/Pods-WearableHub/Pods-WearableHub.release.xcconfig"; sourceTree = "<group>"; };
		B357CB513CFBCE5C94980B3F /* Pods_WearableHubUITests.framework */ = {isa = PBXFileReference; explicitFileType = wrapper.framework; includeInIndex = 0; path = Pods_WearableHubUITests.framework; sourceTree = BUILT_PRODUCTS_DIR; };
		E7D4DAF2ABB1EB9B0F5F6A56 /* Pods-WearableHubTests.debug.xcconfig */ = {isa = PBXFileReference; includeInIndex = 1; lastKnownFileType = text.xcconfig; name = "Pods-WearableHubTests.debug.xcconfig"; path = "Pods/Target Support Files/Pods-WearableHubTests/Pods-WearableHubTests.debug.xcconfig"; sourceTree = "<group>"; };
/* End PBXFileReference section */

/* Begin PBXFrameworksBuildPhase section */
		7DB9C98E1C8D007000D0D1B0 /* Frameworks */ = {
			isa = PBXFrameworksBuildPhase;
			buildActionMask = 2147483647;
			files = (
				7D88E5F31CA6630300BA3CD4 /* CoreBluetooth.framework in Frameworks */,
				7D82BA5D1CA655E300720988 /* MicrosoftBandKit_iOS.framework in Frameworks */,
				7D2743A31C8D052B00B53C85 /* HealthKit.framework in Frameworks */,
				7D1A16DA1C92460900430E9B /* MapKit.framework in Frameworks */,
				5732D74B91F45FE20AF06EC0 /* Pods_WearableHub.framework in Frameworks */,
			);
			runOnlyForDeploymentPostprocessing = 0;
		};
		7DB9C9A21C8D007000D0D1B0 /* Frameworks */ = {
			isa = PBXFrameworksBuildPhase;
			buildActionMask = 2147483647;
			files = (
				A263DFC385C0E3A287124B99 /* Pods_WearableHubTests.framework in Frameworks */,
			);
			runOnlyForDeploymentPostprocessing = 0;
		};
		7DB9C9AD1C8D007000D0D1B0 /* Frameworks */ = {
			isa = PBXFrameworksBuildPhase;
			buildActionMask = 2147483647;
			files = (
				DF900B377D31A7F8A7D06AA7 /* Pods_WearableHubUITests.framework in Frameworks */,
			);
			runOnlyForDeploymentPostprocessing = 0;
		};
/* End PBXFrameworksBuildPhase section */

/* Begin PBXGroup section */
		006403A671B6D46AEFA34E4F /* Frameworks */ = {
			isa = PBXGroup;
			children = (
				7D88E5F21CA6630300BA3CD4 /* CoreBluetooth.framework */,
				7D82BA5C1CA655E300720988 /* MicrosoftBandKit_iOS.framework */,
				7D1A16D91C92460900430E9B /* MapKit.framework */,
				7D2743A21C8D052B00B53C85 /* HealthKit.framework */,
				4B151300840809669AC61BC2 /* Pods_WearableHub.framework */,
				9923902941E710A057D829BA /* Pods_WearableHubTests.framework */,
				B357CB513CFBCE5C94980B3F /* Pods_WearableHubUITests.framework */,
			);
			name = Frameworks;
			sourceTree = "<group>";
		};
		7DA535A21CA7B6C2000628F9 /* Peripherals */ = {
			isa = PBXGroup;
			children = (
				7DA535A31CA7B6C2000628F9 /* RxMicrosoftBand.swift */,
				7DBA1EF41CA83990006A6606 /* Peripheral.swift */,
				7DBA1EF61CA8484C006A6606 /* AbstractModel.swift */,
			);
			path = Peripherals;
			sourceTree = "<group>";
		};
		7DA535A51CA7B6E8000628F9 /* Connections */ = {
			isa = PBXGroup;
			children = (
				7DA535A61CA7B6E8000628F9 /* CloudConnection.swift */,
				7D9846B01CCD6F1000B17FD7 /* SumoCloud.swift */,
			);
			path = Connections;
			sourceTree = "<group>";
		};
		7DA535AD1CA7BA05000628F9 /* Resources */ = {
			isa = PBXGroup;
			children = (
				7DA535AE1CA7BA05000628F9 /* Settings.bundle */,
			);
			path = Resources;
			sourceTree = "<group>";
		};
		7DB9C9881C8D007000D0D1B0 = {
			isa = PBXGroup;
			children = (
				7DB9C9931C8D007000D0D1B0 /* WearableHub */,
				7DB9C9A81C8D007000D0D1B0 /* WearableHubTests */,
				7DB9C9B31C8D007000D0D1B0 /* WearableHubUITests */,
				7DB9C9921C8D007000D0D1B0 /* Products */,
				006403A671B6D46AEFA34E4F /* Frameworks */,
				CE39F616E88E35E0FAD25476 /* Pods */,
			);
			sourceTree = "<group>";
		};
		7DB9C9921C8D007000D0D1B0 /* Products */ = {
			isa = PBXGroup;
			children = (
				7DB9C9911C8D007000D0D1B0 /* WearableHub.app */,
				7DB9C9A51C8D007000D0D1B0 /* WearableHubTests.xctest */,
				7DB9C9B01C8D007000D0D1B0 /* WearableHubUITests.xctest */,
			);
			name = Products;
			sourceTree = "<group>";
		};
		7DB9C9931C8D007000D0D1B0 /* WearableHub */ = {
			isa = PBXGroup;
			children = (
				7DBA1EF81CA86DFA006A6606 /* WearableOriViewController.swift */,
				7DA535AD1CA7BA05000628F9 /* Resources */,
				7DA535A51CA7B6E8000628F9 /* Connections */,
				7DA535A21CA7B6C2000628F9 /* Peripherals */,
				7D2743AB1C8D1FEC00B53C85 /* MenuController.swift */,
				7D2743A71C8D1E8500B53C85 /* MapViewController.swift */,
				7D2743A81C8D1E8500B53C85 /* PhotoViewController.swift */,
				7D2743A41C8D052B00B53C85 /* WearableHub.entitlements */,
				7DB9C9941C8D007000D0D1B0 /* AppDelegate.swift */,
				7DB9C9961C8D007000D0D1B0 /* WearableViewController.swift */,
				7DB9C9981C8D007000D0D1B0 /* Main.storyboard */,
				7DB9C99B1C8D007000D0D1B0 /* Assets.xcassets */,
				7DB9C99D1C8D007000D0D1B0 /* LaunchScreen.storyboard */,
				7DB9C9A01C8D007000D0D1B0 /* Info.plist */,
				7D88E5EF1CA6610100BA3CD4 /* WearableHub-Bridging-Header.h */,
			);
			path = WearableHub;
			sourceTree = "<group>";
		};
		7DB9C9A81C8D007000D0D1B0 /* WearableHubTests */ = {
			isa = PBXGroup;
			children = (
				7DB9C9A91C8D007000D0D1B0 /* WearableHubTests.swift */,
				7DB9C9AB1C8D007000D0D1B0 /* Info.plist */,
			);
			path = WearableHubTests;
			sourceTree = "<group>";
		};
		7DB9C9B31C8D007000D0D1B0 /* WearableHubUITests */ = {
			isa = PBXGroup;
			children = (
				7DB9C9B41C8D007000D0D1B0 /* WearableHubUITests.swift */,
				7DB9C9B61C8D007000D0D1B0 /* Info.plist */,
			);
			path = WearableHubUITests;
			sourceTree = "<group>";
		};
		CE39F616E88E35E0FAD25476 /* Pods */ = {
			isa = PBXGroup;
			children = (
				8CDCEFF7ADC1EA33D90890E5 /* Pods-WearableHub.debug.xcconfig */,
				AE962902783A721AF5BB927C /* Pods-WearableHub.release.xcconfig */,
				E7D4DAF2ABB1EB9B0F5F6A56 /* Pods-WearableHubTests.debug.xcconfig */,
				AACE60D0CDB68B26DF69CB07 /* Pods-WearableHubTests.release.xcconfig */,
				9E001FF88B75A80DB0F9C16F /* Pods-WearableHubUITests.debug.xcconfig */,
				234E870B4C6E3650A525D473 /* Pods-WearableHubUITests.release.xcconfig */,
			);
			name = Pods;
			sourceTree = "<group>";
		};
/* End PBXGroup section */

/* Begin PBXNativeTarget section */
		7DB9C9901C8D007000D0D1B0 /* WearableHub */ = {
			isa = PBXNativeTarget;
			buildConfigurationList = 7DB9C9B91C8D007000D0D1B0 /* Build configuration list for PBXNativeTarget "WearableHub" */;
			buildPhases = (
				133F86DFE88645269A39AD2F /* 📦 Check Pods Manifest.lock */,
				7DB9C98D1C8D007000D0D1B0 /* Sources */,
				7DB9C98E1C8D007000D0D1B0 /* Frameworks */,
				7DB9C98F1C8D007000D0D1B0 /* Resources */,
				696DD2CD2EB8017E93E0E4E1 /* 📦 Embed Pods Frameworks */,
				314180EE638B328531196914 /* 📦 Copy Pods Resources */,
			);
			buildRules = (
			);
			dependencies = (
			);
			name = WearableHub;
			productName = WearableHub;
			productReference = 7DB9C9911C8D007000D0D1B0 /* WearableHub.app */;
			productType = "com.apple.product-type.application";
		};
		7DB9C9A41C8D007000D0D1B0 /* WearableHubTests */ = {
			isa = PBXNativeTarget;
			buildConfigurationList = 7DB9C9BC1C8D007000D0D1B0 /* Build configuration list for PBXNativeTarget "WearableHubTests" */;
			buildPhases = (
				BD417F4ED66EED2696C2243A /* 📦 Check Pods Manifest.lock */,
				7DB9C9A11C8D007000D0D1B0 /* Sources */,
				7DB9C9A21C8D007000D0D1B0 /* Frameworks */,
				7DB9C9A31C8D007000D0D1B0 /* Resources */,
				A80D1790C336C1DFAF48A749 /* 📦 Embed Pods Frameworks */,
				BD9FE6B1EABA8072F05FC23F /* 📦 Copy Pods Resources */,
			);
			buildRules = (
			);
			dependencies = (
				7DB9C9A71C8D007000D0D1B0 /* PBXTargetDependency */,
			);
			name = WearableHubTests;
			productName = WearableHubTests;
			productReference = 7DB9C9A51C8D007000D0D1B0 /* WearableHubTests.xctest */;
			productType = "com.apple.product-type.bundle.unit-test";
		};
		7DB9C9AF1C8D007000D0D1B0 /* WearableHubUITests */ = {
			isa = PBXNativeTarget;
			buildConfigurationList = 7DB9C9BF1C8D007000D0D1B0 /* Build configuration list for PBXNativeTarget "WearableHubUITests" */;
			buildPhases = (
				2284A251DEBEF14B1ED25E3A /* 📦 Check Pods Manifest.lock */,
				7DB9C9AC1C8D007000D0D1B0 /* Sources */,
				7DB9C9AD1C8D007000D0D1B0 /* Frameworks */,
				7DB9C9AE1C8D007000D0D1B0 /* Resources */,
				AF4668B21315A9A380370E47 /* 📦 Copy Pods Resources */,
			);
			buildRules = (
			);
			dependencies = (
				7DB9C9B21C8D007000D0D1B0 /* PBXTargetDependency */,
			);
			name = WearableHubUITests;
			productName = WearableHubUITests;
			productReference = 7DB9C9B01C8D007000D0D1B0 /* WearableHubUITests.xctest */;
			productType = "com.apple.product-type.bundle.ui-testing";
		};
/* End PBXNativeTarget section */

/* Begin PBXProject section */
		7DB9C9891C8D007000D0D1B0 /* Project object */ = {
			isa = PBXProject;
			attributes = {
				LastSwiftUpdateCheck = 0730;
				LastUpgradeCheck = 0720;
				ORGANIZATIONNAME = "Sumanth Chinthagunta";
				TargetAttributes = {
					7DB9C9901C8D007000D0D1B0 = {
						CreatedOnToolsVersion = 7.2.1;
						DevelopmentTeam = 4W86M3M43E;
						SystemCapabilities = {
							com.apple.BackgroundModes = {
								enabled = 1;
							};
							com.apple.HealthKit = {
								enabled = 1;
							};
							com.apple.Maps.iOS = {
								enabled = 1;
							};
						};
					};
					7DB9C9A41C8D007000D0D1B0 = {
						CreatedOnToolsVersion = 7.2.1;
						TestTargetID = 7DB9C9901C8D007000D0D1B0;
					};
					7DB9C9AF1C8D007000D0D1B0 = {
						CreatedOnToolsVersion = 7.2.1;
						TestTargetID = 7DB9C9901C8D007000D0D1B0;
					};
				};
			};
			buildConfigurationList = 7DB9C98C1C8D007000D0D1B0 /* Build configuration list for PBXProject "WearableHub" */;
			compatibilityVersion = "Xcode 3.2";
			developmentRegion = English;
			hasScannedForEncodings = 0;
			knownRegions = (
				en,
				Base,
			);
			mainGroup = 7DB9C9881C8D007000D0D1B0;
			productRefGroup = 7DB9C9921C8D007000D0D1B0 /* Products */;
			projectDirPath = "";
			projectRoot = "";
			targets = (
				7DB9C9901C8D007000D0D1B0 /* WearableHub */,
				7DB9C9A41C8D007000D0D1B0 /* WearableHubTests */,
				7DB9C9AF1C8D007000D0D1B0 /* WearableHubUITests */,
			);
		};
/* End PBXProject section */

/* Begin PBXResourcesBuildPhase section */
		7DB9C98F1C8D007000D0D1B0 /* Resources */ = {
			isa = PBXResourcesBuildPhase;
			buildActionMask = 2147483647;
			files = (
				7DB9C99F1C8D007000D0D1B0 /* LaunchScreen.storyboard in Resources */,
				7DB9C99C1C8D007000D0D1B0 /* Assets.xcassets in Resources */,
				7DC498C21CA7A40D00AE73DC /* Connections in Resources */,
				7DA5359B1CA7B2CE000628F9 /* Peripherals in Resources */,
				7DA535AF1CA7BA05000628F9 /* Settings.bundle in Resources */,
				7DB9C99A1C8D007000D0D1B0 /* Main.storyboard in Resources */,
			);
			runOnlyForDeploymentPostprocessing = 0;
		};
		7DB9C9A31C8D007000D0D1B0 /* Resources */ = {
			isa = PBXResourcesBuildPhase;
			buildActionMask = 2147483647;
			files = (
			);
			runOnlyForDeploymentPostprocessing = 0;
		};
		7DB9C9AE1C8D007000D0D1B0 /* Resources */ = {
			isa = PBXResourcesBuildPhase;
			buildActionMask = 2147483647;
			files = (
			);
			runOnlyForDeploymentPostprocessing = 0;
		};
/* End PBXResourcesBuildPhase section */

/* Begin PBXShellScriptBuildPhase section */
		133F86DFE88645269A39AD2F /* 📦 Check Pods Manifest.lock */ = {
			isa = PBXShellScriptBuildPhase;
			buildActionMask = 2147483647;
			files = (
			);
			inputPaths = (
			);
			name = "📦 Check Pods Manifest.lock";
			outputPaths = (
			);
			runOnlyForDeploymentPostprocessing = 0;
			shellPath = /bin/sh;
			shellScript = "diff \"${PODS_ROOT}/../Podfile.lock\" \"${PODS_ROOT}/Manifest.lock\" > /dev/null\nif [[ $? != 0 ]] ; then\n    cat << EOM\nerror: The sandbox is not in sync with the Podfile.lock. Run 'pod install' or update your CocoaPods installation.\nEOM\n    exit 1\nfi\n";
			showEnvVarsInLog = 0;
		};
		2284A251DEBEF14B1ED25E3A /* 📦 Check Pods Manifest.lock */ = {
			isa = PBXShellScriptBuildPhase;
			buildActionMask = 2147483647;
			files = (
			);
			inputPaths = (
			);
			name = "📦 Check Pods Manifest.lock";
			outputPaths = (
			);
			runOnlyForDeploymentPostprocessing = 0;
			shellPath = /bin/sh;
			shellScript = "diff \"${PODS_ROOT}/../Podfile.lock\" \"${PODS_ROOT}/Manifest.lock\" > /dev/null\nif [[ $? != 0 ]] ; then\n    cat << EOM\nerror: The sandbox is not in sync with the Podfile.lock. Run 'pod install' or update your CocoaPods installation.\nEOM\n    exit 1\nfi\n";
			showEnvVarsInLog = 0;
		};
		314180EE638B328531196914 /* 📦 Copy Pods Resources */ = {
			isa = PBXShellScriptBuildPhase;
			buildActionMask = 2147483647;
			files = (
			);
			inputPaths = (
			);
			name = "📦 Copy Pods Resources";
			outputPaths = (
			);
			runOnlyForDeploymentPostprocessing = 0;
			shellPath = /bin/sh;
			shellScript = "\"${SRCROOT}/Pods/Target Support Files/Pods-WearableHub/Pods-WearableHub-resources.sh\"\n";
			showEnvVarsInLog = 0;
		};
		696DD2CD2EB8017E93E0E4E1 /* 📦 Embed Pods Frameworks */ = {
			isa = PBXShellScriptBuildPhase;
			buildActionMask = 2147483647;
			files = (
			);
			inputPaths = (
			);
			name = "📦 Embed Pods Frameworks";
			outputPaths = (
			);
			runOnlyForDeploymentPostprocessing = 0;
			shellPath = /bin/sh;
			shellScript = "\"${SRCROOT}/Pods/Target Support Files/Pods-WearableHub/Pods-WearableHub-frameworks.sh\"\n";
			showEnvVarsInLog = 0;
		};
		A80D1790C336C1DFAF48A749 /* 📦 Embed Pods Frameworks */ = {
			isa = PBXShellScriptBuildPhase;
			buildActionMask = 2147483647;
			files = (
			);
			inputPaths = (
			);
			name = "📦 Embed Pods Frameworks";
			outputPaths = (
			);
			runOnlyForDeploymentPostprocessing = 0;
			shellPath = /bin/sh;
			shellScript = "\"${SRCROOT}/Pods/Target Support Files/Pods-WearableHubTests/Pods-WearableHubTests-frameworks.sh\"\n";
			showEnvVarsInLog = 0;
		};
		AF4668B21315A9A380370E47 /* 📦 Copy Pods Resources */ = {
			isa = PBXShellScriptBuildPhase;
			buildActionMask = 2147483647;
			files = (
			);
			inputPaths = (
			);
			name = "📦 Copy Pods Resources";
			outputPaths = (
			);
			runOnlyForDeploymentPostprocessing = 0;
			shellPath = /bin/sh;
			shellScript = "\"${SRCROOT}/Pods/Target Support Files/Pods-WearableHubUITests/Pods-WearableHubUITests-resources.sh\"\n";
			showEnvVarsInLog = 0;
		};
		BD417F4ED66EED2696C2243A /* 📦 Check Pods Manifest.lock */ = {
			isa = PBXShellScriptBuildPhase;
			buildActionMask = 2147483647;
			files = (
			);
			inputPaths = (
			);
			name = "📦 Check Pods Manifest.lock";
			outputPaths = (
			);
			runOnlyForDeploymentPostprocessing = 0;
			shellPath = /bin/sh;
			shellScript = "diff \"${PODS_ROOT}/../Podfile.lock\" \"${PODS_ROOT}/Manifest.lock\" > /dev/null\nif [[ $? != 0 ]] ; then\n    cat << EOM\nerror: The sandbox is not in sync with the Podfile.lock. Run 'pod install' or update your CocoaPods installation.\nEOM\n    exit 1\nfi\n";
			showEnvVarsInLog = 0;
		};
		BD9FE6B1EABA8072F05FC23F /* 📦 Copy Pods Resources */ = {
			isa = PBXShellScriptBuildPhase;
			buildActionMask = 2147483647;
			files = (
			);
			inputPaths = (
			);
			name = "📦 Copy Pods Resources";
			outputPaths = (
			);
			runOnlyForDeploymentPostprocessing = 0;
			shellPath = /bin/sh;
			shellScript = "\"${SRCROOT}/Pods/Target Support Files/Pods-WearableHubTests/Pods-WearableHubTests-resources.sh\"\n";
			showEnvVarsInLog = 0;
		};
/* End PBXShellScriptBuildPhase section */

/* Begin PBXSourcesBuildPhase section */
		7DB9C98D1C8D007000D0D1B0 /* Sources */ = {
			isa = PBXSourcesBuildPhase;
			buildActionMask = 2147483647;
			files = (
				7DBA1EF91CA86DFA006A6606 /* WearableOriViewController.swift in Sources */,
				7D9846B11CCD6F1000B17FD7 /* SumoCloud.swift in Sources */,
				7D2743AC1C8D1FEC00B53C85 /* MenuController.swift in Sources */,
				7D2743AA1C8D1E8500B53C85 /* PhotoViewController.swift in Sources */,
				7D88E5EC1CA65A6E00BA3CD4 /* WearableViewController.swift in Sources */,
				7DA535A41CA7B6C2000628F9 /* RxMicrosoftBand.swift in Sources */,
				7D2743A91C8D1E8500B53C85 /* MapViewController.swift in Sources */,
				7DB9C9951C8D007000D0D1B0 /* AppDelegate.swift in Sources */,
				7DA535A71CA7B6E8000628F9 /* CloudConnection.swift in Sources */,
				7DBA1EF71CA8484C006A6606 /* AbstractModel.swift in Sources */,
				7DBA1EF51CA83990006A6606 /* Peripheral.swift in Sources */,
			);
			runOnlyForDeploymentPostprocessing = 0;
		};
		7DB9C9A11C8D007000D0D1B0 /* Sources */ = {
			isa = PBXSourcesBuildPhase;
			buildActionMask = 2147483647;
			files = (
				7DB9C9AA1C8D007000D0D1B0 /* WearableHubTests.swift in Sources */,
			);
			runOnlyForDeploymentPostprocessing = 0;
		};
		7DB9C9AC1C8D007000D0D1B0 /* Sources */ = {
			isa = PBXSourcesBuildPhase;
			buildActionMask = 2147483647;
			files = (
				7DB9C9B51C8D007000D0D1B0 /* WearableHubUITests.swift in Sources */,
			);
			runOnlyForDeploymentPostprocessing = 0;
		};
/* End PBXSourcesBuildPhase section */

/* Begin PBXTargetDependency section */
		7DB9C9A71C8D007000D0D1B0 /* PBXTargetDependency */ = {
			isa = PBXTargetDependency;
			target = 7DB9C9901C8D007000D0D1B0 /* WearableHub */;
			targetProxy = 7DB9C9A61C8D007000D0D1B0 /* PBXContainerItemProxy */;
		};
		7DB9C9B21C8D007000D0D1B0 /* PBXTargetDependency */ = {
			isa = PBXTargetDependency;
			target = 7DB9C9901C8D007000D0D1B0 /* WearableHub */;
			targetProxy = 7DB9C9B11C8D007000D0D1B0 /* PBXContainerItemProxy */;
		};
/* End PBXTargetDependency section */

/* Begin PBXVariantGroup section */
		7DB9C9981C8D007000D0D1B0 /* Main.storyboard */ = {
			isa = PBXVariantGroup;
			children = (
				7DB9C9991C8D007000D0D1B0 /* Base */,
			);
			name = Main.storyboard;
			sourceTree = "<group>";
		};
		7DB9C99D1C8D007000D0D1B0 /* LaunchScreen.storyboard */ = {
			isa = PBXVariantGroup;
			children = (
				7DB9C99E1C8D007000D0D1B0 /* Base */,
			);
			name = LaunchScreen.storyboard;
			sourceTree = "<group>";
		};
/* End PBXVariantGroup section */

/* Begin XCBuildConfiguration section */
		7DB9C9B71C8D007000D0D1B0 /* Debug */ = {
			isa = XCBuildConfiguration;
			buildSettings = {
				ALWAYS_SEARCH_USER_PATHS = NO;
				CLANG_CXX_LANGUAGE_STANDARD = "gnu++0x";
				CLANG_CXX_LIBRARY = "libc++";
				CLANG_ENABLE_MODULES = YES;
				CLANG_ENABLE_OBJC_ARC = YES;
				CLANG_WARN_BOOL_CONVERSION = YES;
				CLANG_WARN_CONSTANT_CONVERSION = YES;
				CLANG_WARN_DIRECT_OBJC_ISA_USAGE = YES_ERROR;
				CLANG_WARN_EMPTY_BODY = YES;
				CLANG_WARN_ENUM_CONVERSION = YES;
				CLANG_WARN_INT_CONVERSION = YES;
				CLANG_WARN_OBJC_ROOT_CLASS = YES_ERROR;
				CLANG_WARN_UNREACHABLE_CODE = YES;
				CLANG_WARN__DUPLICATE_METHOD_MATCH = YES;
				"CODE_SIGN_IDENTITY[sdk=iphoneos*]" = "iPhone Developer";
				COPY_PHASE_STRIP = NO;
				DEBUG_INFORMATION_FORMAT = dwarf;
				ENABLE_STRICT_OBJC_MSGSEND = YES;
				ENABLE_TESTABILITY = YES;
				GCC_C_LANGUAGE_STANDARD = gnu99;
				GCC_DYNAMIC_NO_PIC = NO;
				GCC_NO_COMMON_BLOCKS = YES;
				GCC_OPTIMIZATION_LEVEL = 0;
				GCC_PREPROCESSOR_DEFINITIONS = (
					"DEBUG=1",
					"$(inherited)",
				);
				GCC_WARN_64_TO_32_BIT_CONVERSION = YES;
				GCC_WARN_ABOUT_RETURN_TYPE = YES_ERROR;
				GCC_WARN_UNDECLARED_SELECTOR = YES;
				GCC_WARN_UNINITIALIZED_AUTOS = YES_AGGRESSIVE;
				GCC_WARN_UNUSED_FUNCTION = YES;
				GCC_WARN_UNUSED_VARIABLE = YES;
				IPHONEOS_DEPLOYMENT_TARGET = 9.3;
				MTL_ENABLE_DEBUG_INFO = YES;
				ONLY_ACTIVE_ARCH = YES;
				SDKROOT = iphoneos;
				SWIFT_OPTIMIZATION_LEVEL = "-Onone";
				TARGETED_DEVICE_FAMILY = "1,2";
			};
			name = Debug;
		};
		7DB9C9B81C8D007000D0D1B0 /* Release */ = {
			isa = XCBuildConfiguration;
			buildSettings = {
				ALWAYS_SEARCH_USER_PATHS = NO;
				CLANG_CXX_LANGUAGE_STANDARD = "gnu++0x";
				CLANG_CXX_LIBRARY = "libc++";
				CLANG_ENABLE_MODULES = YES;
				CLANG_ENABLE_OBJC_ARC = YES;
				CLANG_WARN_BOOL_CONVERSION = YES;
				CLANG_WARN_CONSTANT_CONVERSION = YES;
				CLANG_WARN_DIRECT_OBJC_ISA_USAGE = YES_ERROR;
				CLANG_WARN_EMPTY_BODY = YES;
				CLANG_WARN_ENUM_CONVERSION = YES;
				CLANG_WARN_INT_CONVERSION = YES;
				CLANG_WARN_OBJC_ROOT_CLASS = YES_ERROR;
				CLANG_WARN_UNREACHABLE_CODE = YES;
				CLANG_WARN__DUPLICATE_METHOD_MATCH = YES;
				"CODE_SIGN_IDENTITY[sdk=iphoneos*]" = "iPhone Developer";
				COPY_PHASE_STRIP = NO;
				DEBUG_INFORMATION_FORMAT = "dwarf-with-dsym";
				ENABLE_NS_ASSERTIONS = NO;
				ENABLE_STRICT_OBJC_MSGSEND = YES;
				GCC_C_LANGUAGE_STANDARD = gnu99;
				GCC_NO_COMMON_BLOCKS = YES;
				GCC_WARN_64_TO_32_BIT_CONVERSION = YES;
				GCC_WARN_ABOUT_RETURN_TYPE = YES_ERROR;
				GCC_WARN_UNDECLARED_SELECTOR = YES;
				GCC_WARN_UNINITIALIZED_AUTOS = YES_AGGRESSIVE;
				GCC_WARN_UNUSED_FUNCTION = YES;
				GCC_WARN_UNUSED_VARIABLE = YES;
				IPHONEOS_DEPLOYMENT_TARGET = 9.3;
				MTL_ENABLE_DEBUG_INFO = NO;
				SDKROOT = iphoneos;
				TARGETED_DEVICE_FAMILY = "1,2";
				VALIDATE_PRODUCT = YES;
			};
			name = Release;
		};
		7DB9C9BA1C8D007000D0D1B0 /* Debug */ = {
			isa = XCBuildConfiguration;
			baseConfigurationReference = 8CDCEFF7ADC1EA33D90890E5 /* Pods-WearableHub.debug.xcconfig */;
			buildSettings = {
				ASSETCATALOG_COMPILER_APPICON_NAME = AppIcon;
				CLANG_ENABLE_MODULES = YES;
				CODE_SIGN_ENTITLEMENTS = WearableHub/WearableHub.entitlements;
				CODE_SIGN_IDENTITY = "iPhone Developer";
				"CODE_SIGN_IDENTITY[sdk=iphoneos*]" = "iPhone Developer";
				FRAMEWORK_SEARCH_PATHS = (
					"$(inherited)",
					"$(PROJECT_DIR)",
				);
				INFOPLIST_FILE = WearableHub/Info.plist;
				IPHONEOS_DEPLOYMENT_TARGET = 9.0;
				LD_RUNPATH_SEARCH_PATHS = "$(inherited) @executable_path/Frameworks";
				PRODUCT_BUNDLE_IDENTIFIER = com.crossbusiness.WearableHub;
				PRODUCT_NAME = "$(TARGET_NAME)";
				PROVISIONING_PROFILE = "";
				SWIFT_OBJC_BRIDGING_HEADER = "WearableHub/WearableHub-Bridging-Header.h";
				SWIFT_OPTIMIZATION_LEVEL = "-Onone";
			};
			name = Debug;
		};
		7DB9C9BB1C8D007000D0D1B0 /* Release */ = {
			isa = XCBuildConfiguration;
			baseConfigurationReference = AE962902783A721AF5BB927C /* Pods-WearableHub.release.xcconfig */;
			buildSettings = {
				ASSETCATALOG_COMPILER_APPICON_NAME = AppIcon;
				CLANG_ENABLE_MODULES = YES;
				CODE_SIGN_ENTITLEMENTS = WearableHub/WearableHub.entitlements;
				CODE_SIGN_IDENTITY = "iPhone Developer";
				"CODE_SIGN_IDENTITY[sdk=iphoneos*]" = "iPhone Developer";
				FRAMEWORK_SEARCH_PATHS = (
					"$(inherited)",
					"$(PROJECT_DIR)",
				);
				INFOPLIST_FILE = WearableHub/Info.plist;
				IPHONEOS_DEPLOYMENT_TARGET = 9.0;
				LD_RUNPATH_SEARCH_PATHS = "$(inherited) @executable_path/Frameworks";
				PRODUCT_BUNDLE_IDENTIFIER = com.crossbusiness.WearableHub;
				PRODUCT_NAME = "$(TARGET_NAME)";
				PROVISIONING_PROFILE = "";
				SWIFT_OBJC_BRIDGING_HEADER = "WearableHub/WearableHub-Bridging-Header.h";
			};
			name = Release;
		};
		7DB9C9BD1C8D007000D0D1B0 /* Debug */ = {
			isa = XCBuildConfiguration;
			baseConfigurationReference = E7D4DAF2ABB1EB9B0F5F6A56 /* Pods-WearableHubTests.debug.xcconfig */;
			buildSettings = {
				BUNDLE_LOADER = "$(TEST_HOST)";
				INFOPLIST_FILE = WearableHubTests/Info.plist;
				LD_RUNPATH_SEARCH_PATHS = "$(inherited) @executable_path/Frameworks @loader_path/Frameworks";
				PRODUCT_BUNDLE_IDENTIFIER = com.crossbusiness.WearableHubTests;
				PRODUCT_NAME = "$(TARGET_NAME)";
				TEST_HOST = "$(BUILT_PRODUCTS_DIR)/WearableHub.app/WearableHub";
			};
			name = Debug;
		};
		7DB9C9BE1C8D007000D0D1B0 /* Release */ = {
			isa = XCBuildConfiguration;
			baseConfigurationReference = AACE60D0CDB68B26DF69CB07 /* Pods-WearableHubTests.release.xcconfig */;
			buildSettings = {
				BUNDLE_LOADER = "$(TEST_HOST)";
				INFOPLIST_FILE = WearableHubTests/Info.plist;
				LD_RUNPATH_SEARCH_PATHS = "$(inherited) @executable_path/Frameworks @loader_path/Frameworks";
				PRODUCT_BUNDLE_IDENTIFIER = com.crossbusiness.WearableHubTests;
				PRODUCT_NAME = "$(TARGET_NAME)";
				TEST_HOST = "$(BUILT_PRODUCTS_DIR)/WearableHub.app/WearableHub";
			};
			name = Release;
		};
		7DB9C9C01C8D007000D0D1B0 /* Debug */ = {
			isa = XCBuildConfiguration;
			baseConfigurationReference = 9E001FF88B75A80DB0F9C16F /* Pods-WearableHubUITests.debug.xcconfig */;
			buildSettings = {
				INFOPLIST_FILE = WearableHubUITests/Info.plist;
				LD_RUNPATH_SEARCH_PATHS = "$(inherited) @executable_path/Frameworks @loader_path/Frameworks";
				PRODUCT_BUNDLE_IDENTIFIER = com.crossbusiness.WearableHubUITests;
				PRODUCT_NAME = "$(TARGET_NAME)";
				TEST_TARGET_NAME = WearableHub;
				USES_XCTRUNNER = YES;
			};
			name = Debug;
		};
		7DB9C9C11C8D007000D0D1B0 /* Release */ = {
			isa = XCBuildConfiguration;
			baseConfigurationReference = 234E870B4C6E3650A525D473 /* Pods-WearableHubUITests.release.xcconfig */;
			buildSettings = {
				INFOPLIST_FILE = WearableHubUITests/Info.plist;
				LD_RUNPATH_SEARCH_PATHS = "$(inherited) @executable_path/Frameworks @loader_path/Frameworks";
				PRODUCT_BUNDLE_IDENTIFIER = com.crossbusiness.WearableHubUITests;
				PRODUCT_NAME = "$(TARGET_NAME)";
				TEST_TARGET_NAME = WearableHub;
				USES_XCTRUNNER = YES;
			};
			name = Release;
		};
/* End XCBuildConfiguration section */

/* Begin XCConfigurationList section */
		7DB9C98C1C8D007000D0D1B0 /* Build configuration list for PBXProject "WearableHub" */ = {
			isa = XCConfigurationList;
			buildConfigurations = (
				7DB9C9B71C8D007000D0D1B0 /* Debug */,
				7DB9C9B81C8D007000D0D1B0 /* Release */,
			);
			defaultConfigurationIsVisible = 0;
			defaultConfigurationName = Release;
		};
		7DB9C9B91C8D007000D0D1B0 /* Build configuration list for PBXNativeTarget "WearableHub" */ = {
			isa = XCConfigurationList;
			buildConfigurations = (
				7DB9C9BA1C8D007000D0D1B0 /* Debug */,
				7DB9C9BB1C8D007000D0D1B0 /* Release */,
			);
			defaultConfigurationIsVisible = 0;
			defaultConfigurationName = Release;
		};
		7DB9C9BC1C8D007000D0D1B0 /* Build configuration list for PBXNativeTarget "WearableHubTests" */ = {
			isa = XCConfigurationList;
			buildConfigurations = (
				7DB9C9BD1C8D007000D0D1B0 /* Debug */,
				7DB9C9BE1C8D007000D0D1B0 /* Release */,
			);
			defaultConfigurationIsVisible = 0;
			defaultConfigurationName = Release;
		};
		7DB9C9BF1C8D007000D0D1B0 /* Build configuration list for PBXNativeTarget "WearableHubUITests" */ = {
			isa = XCConfigurationList;
			buildConfigurations = (
				7DB9C9C01C8D007000D0D1B0 /* Debug */,
				7DB9C9C11C8D007000D0D1B0 /* Release */,
			);
			defaultConfigurationIsVisible = 0;
			defaultConfigurationName = Release;
		};
/* End XCConfigurationList section */
	};
	rootObject = 7DB9C9891C8D007000D0D1B0 /* Project object */;
}
